# THIS IS AN AUTOGENERATED FILE. DO NOT EDIT THIS FILE DIRECTLY.
# yarn lockfile v1


"@types/google-apps-script@^1.0.34":
  version "1.0.34"
  resolved "https://registry.yarnpkg.com/@types/google-apps-script/-/google-apps-script-1.0.34.tgz#b4ec7ccd5c6be0c0569211dbbca451634ff6bb25"
  integrity sha512-6O9rMu9BzkB32Sc43BKWT7eq/FmXOUbcZbeNCSLOQI51kBcyITDDEHPfX0f+YiBT+iCUhqrA70BN2ef58RGzHg==

typescript@^4.3.4:
  version "4.3.4"
  resolved "https://registry.yarnpkg.com/typescript/-/typescript-4.3.4.tgz#3f85b986945bcf31071decdd96cf8bfa65f9dcbc"
  integrity sha512-uauPG7XZn9F/mo+7MrsRjyvbxFpzemRjKEZXS4AK83oP2KKOJPvb+9cO/gmnv8arWZvhnjVOXz7B49m1l0e9Ew==
